<Solution>
  <Folder Name="/AsyncProgramming/">
    <Project Path="AddedProjects/AsyncProgramming/AsyncFunctionExamble/AsyncFunctionExamble.csproj" />
    <Project Path="AddedProjects/AsyncProgramming/AsyncFunctions/AsyncFunctions.csproj" />
    <Project Path="AddedProjects/AsyncProgramming/asynchronousExampleExplaination/asynchronousExampleExplaination.csproj" />
    <Project Path="AddedProjects/AsyncProgramming/AsynchronousFunctionsDetailedExample/AsynchronousFunctionsDetailedExample.csproj" />
    <Project Path="AddedProjects/AsyncProgramming/AsynchronousFunctionsDetailedExample2/AsynchronousFunctionsDetailedExample2.csproj" />
    <Project Path="AddedProjects/AsyncProgramming/AsynchronousFunctionsExplanation/AsynchronousFunctionsExplanation.csproj" />
    <Project Path="AddedProjects/AsyncProgramming/CancellationTokenExplanation/CancellationTokenExplanation.csproj" />
    <Project Path="AddedProjects/AsyncProgramming/ConcurrencyAndParallelism/ConcurrencyAndParallelism.csproj" />
    <Project Path="AddedProjects/AsyncProgramming/ExceptionPropagation/ExceptionPropagation.csproj" />
    <Project Path="AddedProjects/AsyncProgramming/LongRunningTask/LongRunningTask.csproj" />
    <Project Path="AddedProjects/AsyncProgramming/SyncVsAsync/SyncVsAsync.csproj" />
    <Project Path="AddedProjects/AsyncProgramming/TaskBased_Asynchronous_Pattern/TaskBased_Asynchronous_Pattern.csproj" />
    <Project Path="AddedProjects/AsyncProgramming/TaskCombinators/TaskCombinators.csproj" />
    <Project Path="AddedProjects/AsyncProgramming/TaskContinuation/TaskContinuation.csproj" />
    <Project Path="AddedProjects/AsyncProgramming/TaskDelay/TaskDelay.csproj" />
    <Project Path="AddedProjects/AsyncProgramming/TaskReturnsValue/TaskReturnsValue.csproj" />
    <Project Path="AddedProjects/AsyncProgramming/ThreadVsTask/ThreadVsTask.csproj" />
  </Folder>
  <Folder Name="/Basics/">
    <Project Path="Basics/Arrays.csproj" Id="a503faaa-59b7-438d-96bd-2aff12d14998" />
    <Project Path="Casting/Casting.csproj" Id="3d021898-554a-4546-9a85-c4420aacd6e8" />
    <Project Path="Constructors/Constructors.csproj" Id="9f98fa43-2774-44c0-a074-66d0e7580ed7" />
    <Project Path="Expressions/Expressions.csproj" Id="485ef24f-afb8-43d9-b4ab-8569c058a85b" />
    <Project Path="Indexer/Indexer.csproj" Id="c95483cc-9aed-4b35-b9ab-0128d4fb1702" />
    <Project Path="Properties/Properties.csproj" Id="c10b1690-13f2-457c-989b-94b3e2e72132" />
    <Project Path="StringBuilder_/StringBuilder_.csproj" Id="72247aaf-47d9-4ec0-8d29-0d689f34cf27" />
    <Project Path="Test-in-basics/Test-in-basics.csproj" Id="5e78fd6e-d9f9-44f5-bcf9-48fa6009a296" />
  </Folder>
  <Folder Name="/EqualityAndMutability/">
    <File Path="mutability.txt" />
    <File Path="record.txt" />
    <Project Path="AddedProjects/RecordsAndImmutability/HashCode/HashCode.csproj" />
    <Project Path="AddedProjects/RecordsAndImmutability/ImmutableRecordsUsingInit/ImmutableRecordsUsingInit.csproj" />
    <Project Path="AddedProjects/RecordsAndImmutability/OverrideEquality/OverrideEquality.csproj" />
    <Project Path="AddedProjects/RecordsAndImmutability/OverrideOperators/OverrideOperators.csproj" />
    <Project Path="AddedProjects/RecordsAndImmutability/OverrideToString/OverrideToString.csproj" />
    <Project Path="AddedProjects/RecordsAndImmutability/PositionalRecord/PositionalRecord.csproj" />
    <Project Path="AddedProjects/RecordsAndImmutability/PropertyInitSetter/PropertyInitSetter.csproj" />
    <Project Path="AddedProjects/RecordsAndImmutability/Records/Records.csproj" />
    <Project Path="AddedProjects/RecordsAndImmutability/ReferenceBasedEquality/ReferenceBasedEquality.csproj" />
    <Project Path="AddedProjects/RecordsAndImmutability/StructRecord/StructRecord.csproj" />
    <Project Path="AddedProjects/RecordsAndImmutability/ValueBasedEquality/ValueBasedEquality.csproj" />
    <Project Path="AddedProjects/RecordsAndImmutability/WithExpression/WithExpression.csproj" />
  </Folder>
  <Folder Name="/Intermediate/" />
  <Folder Name="/Intermediate/Assemblies_/">
    <Project Path="AddedProjects/Assemblies/Assemblies/Assemblies.csproj" />
    <Project Path="AddedProjects/Assemblies/DemoLib/DemoLib.csproj" />
  </Folder>
  <Folder Name="/Intermediate/Attributes/">
    <Project Path="02_Attributes/02_Attributes.csproj" Id="cb826f32-4e33-4f13-a046-d925c89acf99" />
    <Project Path="AddedProjects/01_Attributes/01_Attributes.csproj" />
  </Folder>
  <Folder Name="/Intermediate/Collections/">
    <Project Path="Dictionary/Dictionary.csproj" Id="ebe4bf1d-74c0-4dae-b5c9-baa6c7f91cfe" />
    <Project Path="HashSet/HashSet.csproj" Id="05de7560-40a2-47b9-9f19-6ccbfc6f3d40" />
    <Project Path="LinkedList/LinkedList.csproj" Id="ab1465bf-2b89-4393-9e1e-19ab78758122" />
    <Project Path="List/List.csproj" Id="b20a2385-958c-451b-b2cf-adbd453575ed" />
    <Project Path="Queues/Queues.csproj" Id="5c7689b7-e446-42ce-9a91-17530c401f31" />
    <Project Path="SortedSet/SortedSet.csproj" Id="8c93a03b-2253-4315-8d78-5994310a4ca4" />
    <Project Path="stacks/stacks.csproj" Id="2b72ffb7-840f-4ab0-9d5e-1dd0e49ca174" />
  </Folder>
  <Folder Name="/Intermediate/DelegateAndEvent/">
    <Project Path="Delegates/Delegates.csproj" Id="7207cd4f-55eb-4b82-b09c-57b5bbb39748" />
    <Project Path="Event/Event.csproj" Id="d393736b-d610-4631-9bdf-132d2fd24d9c" />
    <Project Path="EventVsDelegate/EventVsDelegate.csproj" Id="e58a1aac-7b21-4b2d-aaf9-dc0ee65371ec" />
    <Project Path="FinalTest/FinalTest.csproj" Id="c3ad9171-7457-49b3-b540-c3251a0d997f" />
    <Project Path="GenericDelegate/GenericDelegate.csproj" Id="2cdc56e9-3cb0-4aaa-be23-f7999b279669" />
    <Project Path="LambdaExpression/LambdaExpression.csproj" Id="d3b3a76c-e2b0-4121-b4d2-0b39c903ae80" />
    <Project Path="MulticastDelegate/MulticastDelegate.csproj" Id="13f933b0-8ecb-488c-89f6-ec1a79397167" />
    <Project Path="SmallNote/SmallNote.csproj" Id="4142ef0f-4f48-4c8b-90e8-1dcbb76dea5a" />
  </Folder>
  <Folder Name="/Intermediate/DelegateAndEvent/EventHandlers/">
    <Project Path="EventHandler2/EventHandler2.csproj" Id="3a4a74a0-dddb-4cc7-8a91-b407f5da95f5" />
    <Project Path="EventHandlerExplaination/EventHandlerExplaination.csproj" Id="4c46b12a-0e82-444e-aaa9-f42baff3a081" />
  </Folder>
  <Folder Name="/Intermediate/Enumerators_and_Iterators/">
    <Project Path="01_Enumerators_Iterators/01_ComparingValuesNotReferences.csproj" Id="0bb2f29a-7baf-4a31-a21f-9b477e6b4f96" />
    <Project Path="02_Enumerators_Iterators/02_Enumerators_Iterators.csproj" Id="57816920-0435-4cc9-973e-fce7023018e5" />
    <Project Path="Enumerator_step_by_step/Enumerator_step_by_step.csproj" Id="f13d85ad-3585-4e8f-8241-0a72179e855d" />
  </Folder>
  <Folder Name="/Intermediate/Enum_And_Struct/">
    <Project Path="AddedProjects/StructExplanation/StructExplanation.csproj" />
    <Project Path="Enums/Enums.csproj" Id="2666d71c-3080-4bbc-a154-d5cd1690381b" />
    <Project Path="FlagEnumExample/FlagEnumExample.csproj" Id="7273fbf2-fcd0-4218-9d07-b15694f89e79" />
    <Project Path="FlagEnums/FlagEnums.csproj" Id="ef8f0766-5853-47fc-ae16-3facd2dd3471" />
  </Folder>
  <Folder Name="/Intermediate/Exceptions/">
    <Project Path="AddedProjects/Exceptions/Exceptions.csproj" />
  </Folder>
  <Folder Name="/Intermediate/Extension_Methods/">
    <Project Path="AddedProjects/ExtensionMethods/ExtensionMethods.csproj" />
  </Folder>
  <Folder Name="/Intermediate/Foreach_Yield/">
    <Project Path="AddedProjects/Foreach_Yield/ForeachUnderTheHood/ForeachUnderTheHood.csproj" />
    <Project Path="AddedProjects/Foreach_Yield/Yield_Keyword/Yield_Keyword.csproj" />
  </Folder>
  <Folder Name="/Intermediate/Generics_/">
    <Project Path="Generics/Generics.csproj" Id="54661ca8-77a7-4b2c-9ee9-866642a0bf7a" />
    <Project Path="Generics01/Generics01.csproj" Id="1d2e732e-d24f-462a-a2c5-e424a51d3405" />
    <Project Path="Generics02/Generics02.csproj" Id="143adb0b-5666-45a6-bbdf-204835630250" />
    <Project Path="GenericsTest/GenericsTest.csproj" Id="e1954ab9-902a-49a7-9cc1-4e51f8de6a94" />
  </Folder>
  <Folder Name="/Intermediate/Object Oriented Programming/">
    <File Path="../../../Desktop/[01] Mastering C#/Code From The Playlists/Code From The Playlists/Object Oriented Programming/Object Oriented Programming By Me.pdf" />
    <File Path="../../../Desktop/[01] Mastering C#/Code From The Playlists/Code From The Playlists/Object Oriented Programming/Object Oriented Programming.docx" />
    <File Path="Basics/Access_Modifiers.png" />
    <Project Path="OperatorOverloading/OperatorOverloading.csproj" Id="8bb43ee0-9c3e-4a4a-a162-5c928252a6cf" />
  </Folder>
  <Folder Name="/Intermediate/Object Oriented Programming/OOP Principles/">
    <Project Path="03_Polymorphism/03_Polymorphism.csproj" Id="48261d64-f642-4dee-a81d-4cb1fa1cd1d6" />
    <Project Path="04_Abstraction/04_Abstraction.csproj" Id="8b3293b4-6028-4aa0-b9ca-b4adef3a4031" />
    <Project Path="Encapsulation/01_Encapsulation.csproj" Id="6252dd67-5976-41d3-80b6-8bcaf7970e62" />
    <Project Path="FinalExample/FinalExample.csproj" Id="3033335a-3e79-41e1-9215-b6cc66c52ff2" />
    <Project Path="Inheritance/02_Inheritance.csproj" Id="d15f6b10-0f6a-409d-8bbd-1868001c4bf0" />
  </Folder>
  <Folder Name="/Intermediate/Reflection/">
    <Project Path="AddedProjects/ReflectionAndMetadata/InstantiateAnObject/InstantiateAnObject.csproj" />
    <Project Path="AddedProjects/ReflectionAndMetadata/InvokeMember/InvokeMember.csproj" />
    <Project Path="AddedProjects/ReflectionAndMetadata/MembersInformation/MembersInformation.csproj" />
    <Project Path="AddedProjects/ReflectionAndMetadata/ReflectionAndMetadata/ReflectionObtainTypeInfo.csproj" />
  </Folder>
  <Folder Name="/Intermediate/Reflection/LoadFrom/">
    <Project Path="AddedProjects/ReflectionAndMetadata/Load-From/LoadFrom/CALoadFrom.csproj" />
    <Project Path="AddedProjects/ReflectionAndMetadata/Load-From/LoadFromLib/LoadFromLib.csproj" />
  </Folder>
  <Folder Name="/Intermediate/TopLevelStatement/">
    <Project Path="AddedProjects/TopLevelStatement/ImplicitUsings/ImplicitUsings.csproj" />
    <Project Path="AddedProjects/TopLevelStatement/MainMethodForms/MainMethodForms.csproj" />
    <Project Path="AddedProjects/TopLevelStatement/Namespaces/Namespaces.csproj" />
    <Project Path="AddedProjects/TopLevelStatement/Rule1/Rule1.csproj" />
    <Project Path="AddedProjects/TopLevelStatement/Rule2/Rule2.csproj" />
    <Project Path="AddedProjects/TopLevelStatement/TopLevelStatementProject/TopLevelStatementProject.csproj" />
  </Folder>
  <Folder Name="/Threading/">
    <Project Path="AddedProjects/Threading/Deadlock/Deadlock.csproj" />
    <Project Path="AddedProjects/Threading/Deadlock2/Deadlock2.csproj" />
    <Project Path="AddedProjects/Threading/MultiThreading/MultiThreading.csproj" />
    <Project Path="AddedProjects/Threading/PracticeOnThreading/PracticeOnThreading.csproj" />
    <Project Path="AddedProjects/Threading/RaceCondition/RaceCondition.csproj" />
    <Project Path="AddedProjects/Threading/Sequential/Sequential.csproj" />
    <Project Path="AddedProjects/Threading/Threading/Threading_PassionateCoders.csproj" />
    <Project Path="AddedProjects/Threading/Threadpool/Threadpool.csproj" />
  </Folder>
</Solution>
